
Microsoft Visual Studio Solution File, Format Version 12.00
# Visual Studio Version 16
VisualStudioVersion = 16.0.31321.278
MinimumVisualStudioVersion = 10.0.40219.1
Project("{9A19103F-16F7-4668-BE54-9A1E7A4F7556}") = "RavCevelGood", "RavCevelGood\RavCevelGood.csproj", "{6F4268C1-17E9-41C3-9DE3-8369118B58FE}"
EndProject
Project("{9A19103F-16F7-4668-BE54-9A1E7A4F7556}") = "DB", "DB\DB.csproj", "{7172208A-267F-46DB-8777-DC11A5E8E9EA}"
EndProject
Project("{9A19103F-16F7-4668-BE54-9A1E7A4F7556}") = "Services", "Services\Services.csproj", "{E75FFF69-0873-40DB-953C-76CCEACC4682}"
EndProject
Project("{9A19103F-16F7-4668-BE54-9A1E7A4F7556}") = "DTO", "DTO\DTO.csproj", "{4B742A0A-D035-4831-B4E1-F6C5A93E980E}"
EndProject
Project("{2150E333-8FDC-42A3-9474-1A3956D46DE8}") = "Solution Items", "Solution Items", "{81F81338-B1CE-445B-8B67-28AE42D1EC0A}"
	ProjectSection(SolutionItems) = preProject
		.editorconfig = .editorconfig
	EndProjectSection
EndProject
Global
	GlobalSection(SolutionConfigurationPlatforms) = preSolution
		Debug|Any CPU = Debug|Any CPU
		Release|Any CPU = Release|Any CPU
	EndGlobalSection
	GlobalSection(ProjectConfigurationPlatforms) = postSolution
		{6F4268C1-17E9-41C3-9DE3-8369118B58FE}.Debug|Any CPU.ActiveCfg = Debug|Any CPU
		{6F4268C1-17E9-41C3-9DE3-8369118B58FE}.Debug|Any CPU.Build.0 = Debug|Any CPU
		{6F4268C1-17E9-41C3-9DE3-8369118B58FE}.Release|Any CPU.ActiveCfg = Release|Any CPU
		{6F4268C1-17E9-41C3-9DE3-8369118B58FE}.Release|Any CPU.Build.0 = Release|Any CPU
		{7172208A-267F-46DB-8777-DC11A5E8E9EA}.Debug|Any CPU.ActiveCfg = Debug|Any CPU
		{7172208A-267F-46DB-8777-DC11A5E8E9EA}.Debug|Any CPU.Build.0 = Debug|Any CPU
		{7172208A-267F-46DB-8777-DC11A5E8E9EA}.Release|Any CPU.ActiveCfg = Release|Any CPU
		{7172208A-267F-46DB-8777-DC11A5E8E9EA}.Release|Any CPU.Build.0 = Release|Any CPU
		{E75FFF69-0873-40DB-953C-76CCEACC4682}.Debug|Any CPU.ActiveCfg = Debug|Any CPU
		{E75FFF69-0873-40DB-953C-76CCEACC4682}.Debug|Any CPU.Build.0 = Debug|Any CPU
		{E75FFF69-0873-40DB-953C-76CCEACC4682}.Release|Any CPU.ActiveCfg = Release|Any CPU
		{E75FFF69-0873-40DB-953C-76CCEACC4682}.Release|Any CPU.Build.0 = Release|Any CPU
		{4B742A0A-D035-4831-B4E1-F6C5A93E980E}.Debug|Any CPU.ActiveCfg = Debug|Any CPU
		{4B742A0A-D035-4831-B4E1-F6C5A93E980E}.Debug|Any CPU.Build.0 = Debug|Any CPU
		{4B742A0A-D035-4831-B4E1-F6C5A93E980E}.Release|Any CPU.ActiveCfg = Release|Any CPU
		{4B742A0A-D035-4831-B4E1-F6C5A93E980E}.Release|Any CPU.Build.0 = Release|Any CPU
	EndGlobalSection
	GlobalSection(SolutionProperties) = preSolution
		HideSolutionNode = FALSE
	EndGlobalSection
	GlobalSection(ExtensibilityGlobals) = postSolution
		SolutionGuid = {FD32A160-8154-4050-B794-BDD80DE1D285}
	EndGlobalSection
EndGlobal
